
Microsoft Visual Studio Solution File, Format Version 12.00
# Visual Studio Version 18
VisualStudioVersion = 18.5.11723.231
MinimumVisualStudioVersion = 10.0.40219.1
Project("{F184B08F-C81C-45F6-A57F-5ABD9991F28F}") = "ER System", "ER System\ER System.vbproj", "{62C43D9C-C48C-4B1B-A221-4DC7AF9B5885}"
EndProject
Project("{F184B08F-C81C-45F6-A57F-5ABD9991F28F}") = "ERSystem.Domain", "ERSystem.Domain\ERSystem.Domain.vbproj", "{EEFD82B5-EDDA-4F66-9533-03BAAF8E1A06}"
EndProject
Project("{F184B08F-C81C-45F6-A57F-5ABD9991F28F}") = "ERSystem.Infrastructure", "ERSystem.Infrastructure\ERSystem.Infrastructure.vbproj", "{CE87CB0C-4DDD-4B1A-BB3A-E2D61E4EFDF2}"
EndProject
Project("{F184B08F-C81C-45F6-A57F-5ABD9991F28F}") = "ERSystem.AppServices", "ERSystem.AppServices\ERSystem.AppServices.vbproj", "{3352A82B-7FB8-4DA5-99B8-67FA6966CEE8}"
EndProject
Project("{F184B08F-C81C-45F6-A57F-5ABD9991F28F}") = "ERSystem.Tests", "ERSystem.Tests\ERSystem.Tests.vbproj", "{B7195878-91F8-44D8-ACF2-0DFA45D20BD5}"
EndProject
Project("{54435603-DBB4-11D2-8724-00A0C9A8B90C}") = "ERSystem3.5Setup", "ERSystem3.5Setup\ERSystem3.5Setup.vdproj", "{73423464-9C8F-20F6-0B72-C28F48EBC7B5}"
EndProject
Global
	GlobalSection(SolutionConfigurationPlatforms) = preSolution
		Debug|Any CPU = Debug|Any CPU
		Debug|x86 = Debug|x86
		Release|Any CPU = Release|Any CPU
		Release|x86 = Release|x86
	EndGlobalSection
	GlobalSection(ProjectConfigurationPlatforms) = postSolution
		{62C43D9C-C48C-4B1B-A221-4DC7AF9B5885}.Debug|Any CPU.ActiveCfg = Debug|Any CPU
		{62C43D9C-C48C-4B1B-A221-4DC7AF9B5885}.Debug|Any CPU.Build.0 = Debug|Any CPU
		{62C43D9C-C48C-4B1B-A221-4DC7AF9B5885}.Debug|x86.ActiveCfg = Debug|x86
		{62C43D9C-C48C-4B1B-A221-4DC7AF9B5885}.Debug|x86.Build.0 = Debug|x86
		{62C43D9C-C48C-4B1B-A221-4DC7AF9B5885}.Release|Any CPU.ActiveCfg = Release|Any CPU
		{62C43D9C-C48C-4B1B-A221-4DC7AF9B5885}.Release|Any CPU.Build.0 = Release|Any CPU
		{62C43D9C-C48C-4B1B-A221-4DC7AF9B5885}.Release|x86.ActiveCfg = Release|x86
		{62C43D9C-C48C-4B1B-A221-4DC7AF9B5885}.Release|x86.Build.0 = Release|x86
		{EEFD82B5-EDDA-4F66-9533-03BAAF8E1A06}.Debug|Any CPU.ActiveCfg = Debug|Any CPU
		{EEFD82B5-EDDA-4F66-9533-03BAAF8E1A06}.Debug|Any CPU.Build.0 = Debug|Any CPU
		{EEFD82B5-EDDA-4F66-9533-03BAAF8E1A06}.Debug|x86.ActiveCfg = Debug|Any CPU
		{EEFD82B5-EDDA-4F66-9533-03BAAF8E1A06}.Debug|x86.Build.0 = Debug|Any CPU
		{EEFD82B5-EDDA-4F66-9533-03BAAF8E1A06}.Release|Any CPU.ActiveCfg = Release|Any CPU
		{EEFD82B5-EDDA-4F66-9533-03BAAF8E1A06}.Release|Any CPU.Build.0 = Release|Any CPU
		{EEFD82B5-EDDA-4F66-9533-03BAAF8E1A06}.Release|x86.ActiveCfg = Release|Any CPU
		{EEFD82B5-EDDA-4F66-9533-03BAAF8E1A06}.Release|x86.Build.0 = Release|Any CPU
		{CE87CB0C-4DDD-4B1A-BB3A-E2D61E4EFDF2}.Debug|Any CPU.ActiveCfg = Debug|Any CPU
		{CE87CB0C-4DDD-4B1A-BB3A-E2D61E4EFDF2}.Debug|Any CPU.Build.0 = Debug|Any CPU
		{CE87CB0C-4DDD-4B1A-BB3A-E2D61E4EFDF2}.Debug|x86.ActiveCfg = Debug|Any CPU
		{CE87CB0C-4DDD-4B1A-BB3A-E2D61E4EFDF2}.Debug|x86.Build.0 = Debug|Any CPU
		{CE87CB0C-4DDD-4B1A-BB3A-E2D61E4EFDF2}.Release|Any CPU.ActiveCfg = Release|Any CPU
		{CE87CB0C-4DDD-4B1A-BB3A-E2D61E4EFDF2}.Release|Any CPU.Build.0 = Release|Any CPU
		{CE87CB0C-4DDD-4B1A-BB3A-E2D61E4EFDF2}.Release|x86.ActiveCfg = Release|Any CPU
		{CE87CB0C-4DDD-4B1A-BB3A-E2D61E4EFDF2}.Release|x86.Build.0 = Release|Any CPU
		{3352A82B-7FB8-4DA5-99B8-67FA6966CEE8}.Debug|Any CPU.ActiveCfg = Debug|Any CPU
		{3352A82B-7FB8-4DA5-99B8-67FA6966CEE8}.Debug|Any CPU.Build.0 = Debug|Any CPU
		{3352A82B-7FB8-4DA5-99B8-67FA6966CEE8}.Debug|x86.ActiveCfg = Debug|Any CPU
		{3352A82B-7FB8-4DA5-99B8-67FA6966CEE8}.Debug|x86.Build.0 = Debug|Any CPU
		{3352A82B-7FB8-4DA5-99B8-67FA6966CEE8}.Release|Any CPU.ActiveCfg = Release|Any CPU
		{3352A82B-7FB8-4DA5-99B8-67FA6966CEE8}.Release|Any CPU.Build.0 = Release|Any CPU
		{3352A82B-7FB8-4DA5-99B8-67FA6966CEE8}.Release|x86.ActiveCfg = Release|Any CPU
		{3352A82B-7FB8-4DA5-99B8-67FA6966CEE8}.Release|x86.Build.0 = Release|Any CPU
		{B7195878-91F8-44D8-ACF2-0DFA45D20BD5}.Debug|Any CPU.ActiveCfg = Debug|Any CPU
		{B7195878-91F8-44D8-ACF2-0DFA45D20BD5}.Debug|Any CPU.Build.0 = Debug|Any CPU
		{B7195878-91F8-44D8-ACF2-0DFA45D20BD5}.Debug|x86.ActiveCfg = Debug|Any CPU
		{B7195878-91F8-44D8-ACF2-0DFA45D20BD5}.Debug|x86.Build.0 = Debug|Any CPU
		{B7195878-91F8-44D8-ACF2-0DFA45D20BD5}.Release|Any CPU.ActiveCfg = Release|Any CPU
		{B7195878-91F8-44D8-ACF2-0DFA45D20BD5}.Release|Any CPU.Build.0 = Release|Any CPU
		{B7195878-91F8-44D8-ACF2-0DFA45D20BD5}.Release|x86.ActiveCfg = Release|Any CPU
		{B7195878-91F8-44D8-ACF2-0DFA45D20BD5}.Release|x86.Build.0 = Release|Any CPU
		{73423464-9C8F-20F6-0B72-C28F48EBC7B5}.Debug|Any CPU.ActiveCfg = Debug
		{73423464-9C8F-20F6-0B72-C28F48EBC7B5}.Debug|x86.ActiveCfg = Debug
		{73423464-9C8F-20F6-0B72-C28F48EBC7B5}.Release|Any CPU.ActiveCfg = Release
		{73423464-9C8F-20F6-0B72-C28F48EBC7B5}.Release|x86.ActiveCfg = Release
	EndGlobalSection
	GlobalSection(SolutionProperties) = preSolution
		HideSolutionNode = FALSE
	EndGlobalSection
	GlobalSection(ExtensibilityGlobals) = postSolution
		SolutionGuid = {055AB2C6-70D4-4936-BEC0-4DB59273BCD6}
	EndGlobalSection
EndGlobal
