
Microsoft Visual Studio Solution File, Format Version 12.00
# Visual Studio Version 18
VisualStudioVersion = 18.0.0.0
MinimumVisualStudioVersion = 10.0.40219.1
Project("{FAE04EC0-301F-11D3-BF4B-00C04F79EFBC}") = "ERSystem.Web.Domain", "src\ERSystem.Web.Domain\ERSystem.Web.Domain.csproj", "{B250D070-5309-4B6C-AEB8-9CDA5A9EC001}"
EndProject
Project("{FAE04EC0-301F-11D3-BF4B-00C04F79EFBC}") = "ERSystem.Web.Application", "src\ERSystem.Web.Application\ERSystem.Web.Application.csproj", "{B250D070-5309-4B6C-AEB8-9CDA5A9EC002}"
EndProject
Project("{FAE04EC0-301F-11D3-BF4B-00C04F79EFBC}") = "ERSystem.Web.Infrastructure", "src\ERSystem.Web.Infrastructure\ERSystem.Web.Infrastructure.csproj", "{B250D070-5309-4B6C-AEB8-9CDA5A9EC003}"
EndProject
Project("{FAE04EC0-301F-11D3-BF4B-00C04F79EFBC}") = "ERSystem.Web.Api", "src\ERSystem.Web.Api\ERSystem.Web.Api.csproj", "{B250D070-5309-4B6C-AEB8-9CDA5A9EC004}"
EndProject
Project("{FAE04EC0-301F-11D3-BF4B-00C04F79EFBC}") = "ERSystem.Web.Tests", "tests\ERSystem.Web.Tests\ERSystem.Web.Tests.csproj", "{B250D070-5309-4B6C-AEB8-9CDA5A9EC005}"
EndProject
Project("{FAE04EC0-301F-11D3-BF4B-00C04F79EFBC}") = "ERSystem.Reminders.Worker", "src\ERSystem.Reminders.Worker\ERSystem.Reminders.Worker.csproj", "{C941EF7E-C234-4975-811F-0372A5FB506D}"
EndProject
Global
	GlobalSection(SolutionConfigurationPlatforms) = preSolution
		Debug|Any CPU = Debug|Any CPU
		Release|Any CPU = Release|Any CPU
	EndGlobalSection
	GlobalSection(ProjectConfigurationPlatforms) = postSolution
		{B250D070-5309-4B6C-AEB8-9CDA5A9EC001}.Debug|Any CPU.ActiveCfg = Debug|Any CPU
		{B250D070-5309-4B6C-AEB8-9CDA5A9EC001}.Debug|Any CPU.Build.0 = Debug|Any CPU
		{B250D070-5309-4B6C-AEB8-9CDA5A9EC001}.Release|Any CPU.ActiveCfg = Release|Any CPU
		{B250D070-5309-4B6C-AEB8-9CDA5A9EC001}.Release|Any CPU.Build.0 = Release|Any CPU
		{B250D070-5309-4B6C-AEB8-9CDA5A9EC002}.Debug|Any CPU.ActiveCfg = Debug|Any CPU
		{B250D070-5309-4B6C-AEB8-9CDA5A9EC002}.Debug|Any CPU.Build.0 = Debug|Any CPU
		{B250D070-5309-4B6C-AEB8-9CDA5A9EC002}.Release|Any CPU.ActiveCfg = Release|Any CPU
		{B250D070-5309-4B6C-AEB8-9CDA5A9EC002}.Release|Any CPU.Build.0 = Release|Any CPU
		{B250D070-5309-4B6C-AEB8-9CDA5A9EC003}.Debug|Any CPU.ActiveCfg = Debug|Any CPU
		{B250D070-5309-4B6C-AEB8-9CDA5A9EC003}.Debug|Any CPU.Build.0 = Debug|Any CPU
		{B250D070-5309-4B6C-AEB8-9CDA5A9EC003}.Release|Any CPU.ActiveCfg = Release|Any CPU
		{B250D070-5309-4B6C-AEB8-9CDA5A9EC003}.Release|Any CPU.Build.0 = Release|Any CPU
		{B250D070-5309-4B6C-AEB8-9CDA5A9EC004}.Debug|Any CPU.ActiveCfg = Debug|Any CPU
		{B250D070-5309-4B6C-AEB8-9CDA5A9EC004}.Debug|Any CPU.Build.0 = Debug|Any CPU
		{B250D070-5309-4B6C-AEB8-9CDA5A9EC004}.Release|Any CPU.ActiveCfg = Release|Any CPU
		{B250D070-5309-4B6C-AEB8-9CDA5A9EC004}.Release|Any CPU.Build.0 = Release|Any CPU
		{B250D070-5309-4B6C-AEB8-9CDA5A9EC005}.Debug|Any CPU.ActiveCfg = Debug|Any CPU
		{B250D070-5309-4B6C-AEB8-9CDA5A9EC005}.Debug|Any CPU.Build.0 = Debug|Any CPU
		{B250D070-5309-4B6C-AEB8-9CDA5A9EC005}.Release|Any CPU.ActiveCfg = Release|Any CPU
		{B250D070-5309-4B6C-AEB8-9CDA5A9EC005}.Release|Any CPU.Build.0 = Release|Any CPU
		{C941EF7E-C234-4975-811F-0372A5FB506D}.Debug|Any CPU.ActiveCfg = Debug|Any CPU
		{C941EF7E-C234-4975-811F-0372A5FB506D}.Debug|Any CPU.Build.0 = Debug|Any CPU
		{C941EF7E-C234-4975-811F-0372A5FB506D}.Release|Any CPU.ActiveCfg = Release|Any CPU
		{C941EF7E-C234-4975-811F-0372A5FB506D}.Release|Any CPU.Build.0 = Release|Any CPU
	EndGlobalSection
EndGlobal
